// !$*UTF8*$!
{
	archiveVersion = 1;
	classes = {
	};
	objectVersion = 55;
	objects = {

/* Begin PBXBuildFile section */
		B4C0AE332805979C003DE14F /* AppDelegate.swift in Sources */ = {isa = PBXBuildFile; fileRef = B4C0AE322805979C003DE14F /* AppDelegate.swift */; };
		B4C0AE352805979C003DE14F /* SceneDelegate.swift in Sources */ = {isa = PBXBuildFile; fileRef = B4C0AE342805979C003DE14F /* SceneDelegate.swift */; };
		B4C0AE372805979C003DE14F /* ViewController.swift in Sources */ = {isa = PBXBuildFile; fileRef = B4C0AE362805979C003DE14F /* ViewController.swift */; };
		B4C0AE3A2805979C003DE14F /* Main.storyboard in Resources */ = {isa = PBXBuildFile; fileRef = B4C0AE382805979C003DE14F /* Main.storyboard */; };
		B4C0AE3C280597A9003DE14F /* Assets.xcassets in Resources */ = {isa = PBXBuildFile; fileRef = B4C0AE3B280597A9003DE14F /* Assets.xcassets */; };
		B4C0AE3F280597A9003DE14F /* LaunchScreen.storyboard in Resources */ = {isa = PBXBuildFile; fileRef = B4C0AE3D280597A9003DE14F /* LaunchScreen.storyboard */; };
		B4C0AE4E2805A1F6003DE14F /* WeatherManager.swift in Sources */ = {isa = PBXBuildFile; fileRef = B4C0AE4D2805A1F6003DE14F /* WeatherManager.swift */; };
		B4C0AE502805A64E003DE14F /* JSONModel.swift in Sources */ = {isa = PBXBuildFile; fileRef = B4C0AE4F2805A64E003DE14F /* JSONModel.swift */; };
		B4C0AE522805AC2C003DE14F /* WeatherModel.swift in Sources */ = {isa = PBXBuildFile; fileRef = B4C0AE512805AC2C003DE14F /* WeatherModel.swift */; };
		B4DF1D27280EF03A00B4E5EA /* DetailWeatherModel.swift in Sources */ = {isa = PBXBuildFile; fileRef = B4DF1D26280EF03A00B4E5EA /* DetailWeatherModel.swift */; };
		B4DF1D29280EF25F00B4E5EA /* DetailJSONModel.swift in Sources */ = {isa = PBXBuildFile; fileRef = B4DF1D28280EF25F00B4E5EA /* DetailJSONModel.swift */; };
		B4EAB904280FFAA80044A2BF /* DetailWeatherManagement.swift in Sources */ = {isa = PBXBuildFile; fileRef = B4EAB903280FFAA80044A2BF /* DetailWeatherManagement.swift */; };
/* End PBXBuildFile section */

/* Begin PBXFileReference section */
		B4C0AE2F2805979C003DE14F /* Weather_app.app */ = {isa = PBXFileReference; explicitFileType = wrapper.application; includeInIndex = 0; path = Weather_app.app; sourceTree = BUILT_PRODUCTS_DIR; };
		B4C0AE322805979C003DE14F /* AppDelegate.swift */ = {isa = PBXFileReference; lastKnownFileType = sourcecode.swift; path = AppDelegate.swift; sourceTree = "<group>"; };
		B4C0AE342805979C003DE14F /* SceneDelegate.swift */ = {isa = PBXFileReference; lastKnownFileType = sourcecode.swift; path = SceneDelegate.swift; sourceTree = "<group>"; };
		B4C0AE362805979C003DE14F /* ViewController.swift */ = {isa = PBXFileReference; lastKnownFileType = sourcecode.swift; path = ViewController.swift; sourceTree = "<group>"; };
		B4C0AE392805979C003DE14F /* Base */ = {isa = PBXFileReference; lastKnownFileType = file.storyboard; name = Base; path = Base.lproj/Main.storyboard; sourceTree = "<group>"; };
		B4C0AE3B280597A9003DE14F /* Assets.xcassets */ = {isa = PBXFileReference; lastKnownFileType = folder.assetcatalog; path = Assets.xcassets; sourceTree = "<group>"; };
		B4C0AE3E280597A9003DE14F /* Base */ = {isa = PBXFileReference; lastKnownFileType = file.storyboard; name = Base; path = Base.lproj/LaunchScreen.storyboard; sourceTree = "<group>"; };
		B4C0AE40280597A9003DE14F /* Info.plist */ = {isa = PBXFileReference; lastKnownFileType = text.plist.xml; path = Info.plist; sourceTree = "<group>"; };
		B4C0AE4D2805A1F6003DE14F /* WeatherManager.swift */ = {isa = PBXFileReference; lastKnownFileType = sourcecode.swift; path = WeatherManager.swift; sourceTree = "<group>"; };
		B4C0AE4F2805A64E003DE14F /* JSONModel.swift */ = {isa = PBXFileReference; lastKnownFileType = sourcecode.swift; path = JSONModel.swift; sourceTree = "<group>"; };
		B4C0AE512805AC2C003DE14F /* WeatherModel.swift */ = {isa = PBXFileReference; lastKnownFileType = sourcecode.swift; path = WeatherModel.swift; sourceTree = "<group>"; };
		B4DF1D26280EF03A00B4E5EA /* DetailWeatherModel.swift */ = {isa = PBXFileReference; lastKnownFileType = sourcecode.swift; path = DetailWeatherModel.swift; sourceTree = "<group>"; };
		B4DF1D28280EF25F00B4E5EA /* DetailJSONModel.swift */ = {isa = PBXFileReference; lastKnownFileType = sourcecode.swift; path = DetailJSONModel.swift; sourceTree = "<group>"; };
		B4EAB903280FFAA80044A2BF /* DetailWeatherManagement.swift */ = {isa = PBXFileReference; lastKnownFileType = sourcecode.swift; path = DetailWeatherManagement.swift; sourceTree = "<group>"; };
/* End PBXFileReference section */

/* Begin PBXFrameworksBuildPhase section */
		B4C0AE2C2805979C003DE14F /* Frameworks */ = {
			isa = PBXFrameworksBuildPhase;
			buildActionMask = 2147483647;
			files = (
			);
			runOnlyForDeploymentPostprocessing = 0;
		};
/* End PBXFrameworksBuildPhase section */

/* Begin PBXGroup section */
		B4C0AE262805979C003DE14F = {
			isa = PBXGroup;
			children = (
				B4C0AE312805979C003DE14F /* Weather_app */,
				B4C0AE302805979C003DE14F /* Products */,
			);
			sourceTree = "<group>";
		};
		B4C0AE302805979C003DE14F /* Products */ = {
			isa = PBXGroup;
			children = (
				B4C0AE2F2805979C003DE14F /* Weather_app.app */,
			);
			name = Products;
			sourceTree = "<group>";
		};
		B4C0AE312805979C003DE14F /* Weather_app */ = {
			isa = PBXGroup;
			children = (
				B4DF1D25280EF01100B4E5EA /* DetailModel */,
				B4C0AE322805979C003DE14F /* AppDelegate.swift */,
				B4C0AE342805979C003DE14F /* SceneDelegate.swift */,
				B4C0AE4A28059C00003DE14F /* Model */,
				B4C0AE4B28059C0A003DE14F /* View */,
				B4C0AE4C28059C12003DE14F /* Controller */,
				B4C0AE3B280597A9003DE14F /* Assets.xcassets */,
				B4C0AE3D280597A9003DE14F /* LaunchScreen.storyboard */,
				B4C0AE40280597A9003DE14F /* Info.plist */,
			);
			path = Weather_app;
			sourceTree = "<group>";
		};
		B4C0AE4A28059C00003DE14F /* Model */ = {
			isa = PBXGroup;
			children = (
				B4C0AE4D2805A1F6003DE14F /* WeatherManager.swift */,
				B4C0AE4F2805A64E003DE14F /* JSONModel.swift */,
				B4C0AE512805AC2C003DE14F /* WeatherModel.swift */,
			);
			path = Model;
			sourceTree = "<group>";
		};
		B4C0AE4B28059C0A003DE14F /* View */ = {
			isa = PBXGroup;
			children = (
				B4C0AE382805979C003DE14F /* Main.storyboard */,
			);
			path = View;
			sourceTree = "<group>";
		};
		B4C0AE4C28059C12003DE14F /* Controller */ = {
			isa = PBXGroup;
			children = (
				B4C0AE362805979C003DE14F /* ViewController.swift */,
			);
			path = Controller;
			sourceTree = "<group>";
		};
		B4DF1D25280EF01100B4E5EA /* DetailModel */ = {
			isa = PBXGroup;
			children = (
				B4DF1D26280EF03A00B4E5EA /* DetailWeatherModel.swift */,
				B4DF1D28280EF25F00B4E5EA /* DetailJSONModel.swift */,
				B4EAB903280FFAA80044A2BF /* DetailWeatherManagement.swift */,
			);
			path = DetailModel;
			sourceTree = "<group>";
		};
/* End PBXGroup section */

/* Begin PBXNativeTarget section */
		B4C0AE2E2805979C003DE14F /* Weather_app */ = {
			isa = PBXNativeTarget;
			buildConfigurationList = B4C0AE43280597A9003DE14F /* Build configuration list for PBXNativeTarget "Weather_app" */;
			buildPhases = (
				B4C0AE2B2805979C003DE14F /* Sources */,
				B4C0AE2C2805979C003DE14F /* Frameworks */,
				B4C0AE2D2805979C003DE14F /* Resources */,
			);
			buildRules = (
			);
			dependencies = (
			);
			name = Weather_app;
			productName = Weather_app;
			productReference = B4C0AE2F2805979C003DE14F /* Weather_app.app */;
			productType = "com.apple.product-type.application";
		};
/* End PBXNativeTarget section */

/* Begin PBXProject section */
		B4C0AE272805979C003DE14F /* Project object */ = {
			isa = PBXProject;
			attributes = {
				BuildIndependentTargetsInParallel = 1;
				LastSwiftUpdateCheck = 1330;
				LastUpgradeCheck = 1330;
				TargetAttributes = {
					B4C0AE2E2805979C003DE14F = {
						CreatedOnToolsVersion = 13.3;
					};
				};
			};
			buildConfigurationList = B4C0AE2A2805979C003DE14F /* Build configuration list for PBXProject "Weather_app" */;
			compatibilityVersion = "Xcode 13.0";
			developmentRegion = en;
			hasScannedForEncodings = 0;
			knownRegions = (
				en,
				Base,
			);
			mainGroup = B4C0AE262805979C003DE14F;
			productRefGroup = B4C0AE302805979C003DE14F /* Products */;
			projectDirPath = "";
			projectRoot = "";
			targets = (
				B4C0AE2E2805979C003DE14F /* Weather_app */,
			);
		};
/* End PBXProject section */

/* Begin PBXResourcesBuildPhase section */
		B4C0AE2D2805979C003DE14F /* Resources */ = {
			isa = PBXResourcesBuildPhase;
			buildActionMask = 2147483647;
			files = (
				B4C0AE3F280597A9003DE14F /* LaunchScreen.storyboard in Resources */,
				B4C0AE3C280597A9003DE14F /* Assets.xcassets in Resources */,
				B4C0AE3A2805979C003DE14F /* Main.storyboard in Resources */,
			);
			runOnlyForDeploymentPostprocessing = 0;
		};
/* End PBXResourcesBuildPhase section */

/* Begin PBXSourcesBuildPhase section */
		B4C0AE2B2805979C003DE14F /* Sources */ = {
			isa = PBXSourcesBuildPhase;
			buildActionMask = 2147483647;
			files = (
				B4C0AE502805A64E003DE14F /* JSONModel.swift in Sources */,
				B4DF1D27280EF03A00B4E5EA /* DetailWeatherModel.swift in Sources */,
				B4C0AE372805979C003DE14F /* ViewController.swift in Sources */,
				B4C0AE332805979C003DE14F /* AppDelegate.swift in Sources */,
				B4C0AE4E2805A1F6003DE14F /* WeatherManager.swift in Sources */,
				B4C0AE522805AC2C003DE14F /* WeatherModel.swift in Sources */,
				B4DF1D29280EF25F00B4E5EA /* DetailJSONModel.swift in Sources */,
				B4EAB904280FFAA80044A2BF /* DetailWeatherManagement.swift in Sources */,
				B4C0AE352805979C003DE14F /* SceneDelegate.swift in Sources */,
			);
			runOnlyForDeploymentPostprocessing = 0;
		};
/* End PBXSourcesBuildPhase section */

/* Begin PBXVariantGroup section */
		B4C0AE382805979C003DE14F /* Main.storyboard */ = {
			isa = PBXVariantGroup;
			children = (
				B4C0AE392805979C003DE14F /* Base */,
			);
			name = Main.storyboard;
			sourceTree = "<group>";
		};
		B4C0AE3D280597A9003DE14F /* LaunchScreen.storyboard */ = {
			isa = PBXVariantGroup;
			children = (
				B4C0AE3E280597A9003DE14F /* Base */,
			);
			name = LaunchScreen.storyboard;
			sourceTree = "<group>";
		};
/* End PBXVariantGroup section */

/* Begin XCBuildConfiguration section */
		B4C0AE41280597A9003DE14F /* Debug */ = {
			isa = XCBuildConfiguration;
			buildSettings = {
				ALWAYS_SEARCH_USER_PATHS = NO;
				CLANG_ANALYZER_NONNULL = YES;
				CLANG_ANALYZER_NUMBER_OBJECT_CONVERSION = YES_AGGRESSIVE;
				CLANG_CXX_LANGUAGE_STANDARD = "gnu++17";
				CLANG_ENABLE_MODULES = YES;
				CLANG_ENABLE_OBJC_ARC = YES;
				CLANG_ENABLE_OBJC_WEAK = YES;
				CLANG_WARN_BLOCK_CAPTURE_AUTORELEASING = YES;
				CLANG_WARN_BOOL_CONVERSION = YES;
				CLANG_WARN_COMMA = YES;
				CLANG_WARN_CONSTANT_CONVERSION = YES;
				CLANG_WARN_DEPRECATED_OBJC_IMPLEMENTATIONS = YES;
				CLANG_WARN_DIRECT_OBJC_ISA_USAGE = YES_ERROR;
				CLANG_WARN_DOCUMENTATION_COMMENTS = YES;
				CLANG_WARN_EMPTY_BODY = YES;
				CLANG_WARN_ENUM_CONVERSION = YES;
				CLANG_WARN_INFINITE_RECURSION = YES;
				CLANG_WARN_INT_CONVERSION = YES;
				CLANG_WARN_NON_LITERAL_NULL_CONVERSION = YES;
				CLANG_WARN_OBJC_IMPLICIT_RETAIN_SELF = YES;
				CLANG_WARN_OBJC_LITERAL_CONVERSION = YES;
				CLANG_WARN_OBJC_ROOT_CLASS = YES_ERROR;
				CLANG_WARN_QUOTED_INCLUDE_IN_FRAMEWORK_HEADER = YES;
				CLANG_WARN_RANGE_LOOP_ANALYSIS = YES;
				CLANG_WARN_STRICT_PROTOTYPES = YES;
				CLANG_WARN_SUSPICIOUS_MOVE = YES;
				CLANG_WARN_UNGUARDED_AVAILABILITY = YES_AGGRESSIVE;
				CLANG_WARN_UNREACHABLE_CODE = YES;
				CLANG_WARN__DUPLICATE_METHOD_MATCH = YES;
				COPY_PHASE_STRIP = NO;
				DEBUG_INFORMATION_FORMAT = dwarf;
				ENABLE_STRICT_OBJC_MSGSEND = YES;
				ENABLE_TESTABILITY = YES;
				GCC_C_LANGUAGE_STANDARD = gnu11;
				GCC_DYNAMIC_NO_PIC = NO;
				GCC_NO_COMMON_BLOCKS = YES;
				GCC_OPTIMIZATION_LEVEL = 0;
				GCC_PREPROCESSOR_DEFINITIONS = (
					"DEBUG=1",
					"$(inherited)",
				);
				GCC_WARN_64_TO_32_BIT_CONVERSION = YES;
				GCC_WARN_ABOUT_RETURN_TYPE = YES_ERROR;
				GCC_WARN_UNDECLARED_SELECTOR = YES;
				GCC_WARN_UNINITIALIZED_AUTOS = YES_AGGRESSIVE;
				GCC_WARN_UNUSED_FUNCTION = YES;
				GCC_WARN_UNUSED_VARIABLE = YES;
				IPHONEOS_DEPLOYMENT_TARGET = 15.4;
				MTL_ENABLE_DEBUG_INFO = INCLUDE_SOURCE;
				MTL_FAST_MATH = YES;
				ONLY_ACTIVE_ARCH = YES;
				SDKROOT = iphoneos;
				SWIFT_ACTIVE_COMPILATION_CONDITIONS = DEBUG;
				SWIFT_OPTIMIZATION_LEVEL = "-Onone";
			};
			name = Debug;
		};
		B4C0AE42280597A9003DE14F /* Release */ = {
			isa = XCBuildConfiguration;
			buildSettings = {
				ALWAYS_SEARCH_USER_PATHS = NO;
				CLANG_ANALYZER_NONNULL = YES;
				CLANG_ANALYZER_NUMBER_OBJECT_CONVERSION = YES_AGGRESSIVE;
				CLANG_CXX_LANGUAGE_STANDARD = "gnu++17";
				CLANG_ENABLE_MODULES = YES;
				CLANG_ENABLE_OBJC_ARC = YES;
				CLANG_ENABLE_OBJC_WEAK = YES;
				CLANG_WARN_BLOCK_CAPTURE_AUTORELEASING = YES;
				CLANG_WARN_BOOL_CONVERSION = YES;
				CLANG_WARN_COMMA = YES;
				CLANG_WARN_CONSTANT_CONVERSION = YES;
				CLANG_WARN_DEPRECATED_OBJC_IMPLEMENTATIONS = YES;
				CLANG_WARN_DIRECT_OBJC_ISA_USAGE = YES_ERROR;
				CLANG_WARN_DOCUMENTATION_COMMENTS = YES;
				CLANG_WARN_EMPTY_BODY = YES;
				CLANG_WARN_ENUM_CONVERSION = YES;
				CLANG_WARN_INFINITE_RECURSION = YES;
				CLANG_WARN_INT_CONVERSION = YES;
				CLANG_WARN_NON_LITERAL_NULL_CONVERSION = YES;
				CLANG_WARN_OBJC_IMPLICIT_RETAIN_SELF = YES;
				CLANG_WARN_OBJC_LITERAL_CONVERSION = YES;
				CLANG_WARN_OBJC_ROOT_CLASS = YES_ERROR;
				CLANG_WARN_QUOTED_INCLUDE_IN_FRAMEWORK_HEADER = YES;
				CLANG_WARN_RANGE_LOOP_ANALYSIS = YES;
				CLANG_WARN_STRICT_PROTOTYPES = YES;
				CLANG_WARN_SUSPICIOUS_MOVE = YES;
				CLANG_WARN_UNGUARDED_AVAILABILITY = YES_AGGRESSIVE;
				CLANG_WARN_UNREACHABLE_CODE = YES;
				CLANG_WARN__DUPLICATE_METHOD_MATCH = YES;
				COPY_PHASE_STRIP = NO;
				DEBUG_INFORMATION_FORMAT = "dwarf-with-dsym";
				ENABLE_NS_ASSERTIONS = NO;
				ENABLE_STRICT_OBJC_MSGSEND = YES;
				GCC_C_LANGUAGE_STANDARD = gnu11;
				GCC_NO_COMMON_BLOCKS = YES;
				GCC_WARN_64_TO_32_BIT_CONVERSION = YES;
				GCC_WARN_ABOUT_RETURN_TYPE = YES_ERROR;
				GCC_WARN_UNDECLARED_SELECTOR = YES;
				GCC_WARN_UNINITIALIZED_AUTOS = YES_AGGRESSIVE;
				GCC_WARN_UNUSED_FUNCTION = YES;
				GCC_WARN_UNUSED_VARIABLE = YES;
				IPHONEOS_DEPLOYMENT_TARGET = 15.4;
				MTL_ENABLE_DEBUG_INFO = NO;
				MTL_FAST_MATH = YES;
				SDKROOT = iphoneos;
				SWIFT_COMPILATION_MODE = wholemodule;
				SWIFT_OPTIMIZATION_LEVEL = "-O";
				VALIDATE_PRODUCT = YES;
			};
			name = Release;
		};
		B4C0AE44280597A9003DE14F /* Debug */ = {
			isa = XCBuildConfiguration;
			buildSettings = {
				ASSETCATALOG_COMPILER_APPICON_NAME = AppIcon;
				ASSETCATALOG_COMPILER_GLOBAL_ACCENT_COLOR_NAME = AccentColor;
				CODE_SIGN_STYLE = Automatic;
				CURRENT_PROJECT_VERSION = 1;
				DEVELOPMENT_TEAM = PM25M3S5KY;
				GENERATE_INFOPLIST_FILE = YES;
				INFOPLIST_FILE = Weather_app/Info.plist;
				INFOPLIST_KEY_UIApplicationSupportsIndirectInputEvents = YES;
				INFOPLIST_KEY_UILaunchStoryboardName = LaunchScreen;
				INFOPLIST_KEY_UIMainStoryboardFile = Main;
				INFOPLIST_KEY_UISupportedInterfaceOrientations_iPad = "UIInterfaceOrientationPortrait UIInterfaceOrientationPortraitUpsideDown UIInterfaceOrientationLandscapeLeft UIInterfaceOrientationLandscapeRight";
				INFOPLIST_KEY_UISupportedInterfaceOrientations_iPhone = "UIInterfaceOrientationPortrait UIInterfaceOrientationLandscapeLeft UIInterfaceOrientationLandscapeRight";
				LD_RUNPATH_SEARCH_PATHS = (
					"$(inherited)",
					"@executable_path/Frameworks",
				);
				MARKETING_VERSION = 1.0;
				PRODUCT_BUNDLE_IDENTIFIER = "aytac.Weather-app";
				PRODUCT_NAME = "$(TARGET_NAME)";
				SWIFT_EMIT_LOC_STRINGS = YES;
				SWIFT_VERSION = 5.0;
				TARGETED_DEVICE_FAMILY = "1,2";
			};
			name = Debug;
		};
		B4C0AE45280597A9003DE14F /* Release */ = {
			isa = XCBuildConfiguration;
			buildSettings = {
				ASSETCATALOG_COMPILER_APPICON_NAME = AppIcon;
				ASSETCATALOG_COMPILER_GLOBAL_ACCENT_COLOR_NAME = AccentColor;
				CODE_SIGN_STYLE = Automatic;
				CURRENT_PROJECT_VERSION = 1;
				DEVELOPMENT_TEAM = PM25M3S5KY;
				GENERATE_INFOPLIST_FILE = YES;
				INFOPLIST_FILE = Weather_app/Info.plist;
				INFOPLIST_KEY_UIApplicationSupportsIndirectInputEvents = YES;
				INFOPLIST_KEY_UILaunchStoryboardName = LaunchScreen;
				INFOPLIST_KEY_UIMainStoryboardFile = Main;
				INFOPLIST_KEY_UISupportedInterfaceOrientations_iPad = "UIInterfaceOrientationPortrait UIInterfaceOrientationPortraitUpsideDown UIInterfaceOrientationLandscapeLeft UIInterfaceOrientationLandscapeRight";
				INFOPLIST_KEY_UISupportedInterfaceOrientations_iPhone = "UIInterfaceOrientationPortrait UIInterfaceOrientationLandscapeLeft UIInterfaceOrientationLandscapeRight";
				LD_RUNPATH_SEARCH_PATHS = (
					"$(inherited)",
					"@executable_path/Frameworks",
				);
				MARKETING_VERSION = 1.0;
				PRODUCT_BUNDLE_IDENTIFIER = "aytac.Weather-app";
				PRODUCT_NAME = "$(TARGET_NAME)";
				SWIFT_EMIT_LOC_STRINGS = YES;
				SWIFT_VERSION = 5.0;
				TARGETED_DEVICE_FAMILY = "1,2";
			};
			name = Release;
		};
/* End XCBuildConfiguration section */

/* Begin XCConfigurationList section */
		B4C0AE2A2805979C003DE14F /* Build configuration list for PBXProject "Weather_app" */ = {
			isa = XCConfigurationList;
			buildConfigurations = (
				B4C0AE41280597A9003DE14F /* Debug */,
				B4C0AE42280597A9003DE14F /* Release */,
			);
			defaultConfigurationIsVisible = 0;
			defaultConfigurationName = Release;
		};
		B4C0AE43280597A9003DE14F /* Build configuration list for PBXNativeTarget "Weather_app" */ = {
			isa = XCConfigurationList;
			buildConfigurations = (
				B4C0AE44280597A9003DE14F /* Debug */,
				B4C0AE45280597A9003DE14F /* Release */,
			);
			defaultConfigurationIsVisible = 0;
			defaultConfigurationName = Release;
		};
/* End XCConfigurationList section */
	};
	rootObject = B4C0AE272805979C003DE14F /* Project object */;
}
